
Microsoft Visual Studio Solution File, Format Version 12.00
# Visual Studio Version 16
VisualStudioVersion = 16.0.31729.503
MinimumVisualStudioVersion = 10.0.40219.1
Project("{FAE04EC0-301F-11D3-BF4B-00C04F79EFBC}") = "FEM_Order Confirmation", "FEM_Order Confirmation.csproj", "{79EB8CFF-25B6-4C88-9337-3468EE9099CD}"
EndProject
Global
	GlobalSection(SolutionConfigurationPlatforms) = preSolution
		Debug|Any CPU = Debug|Any CPU
		Release|Any CPU = Release|Any CPU
	EndGlobalSection
	GlobalSection(ProjectConfigurationPlatforms) = postSolution
		{79EB8CFF-25B6-4C88-9337-3468EE9099CD}.Debug|Any CPU.ActiveCfg = Debug|Any CPU
		{79EB8CFF-25B6-4C88-9337-3468EE9099CD}.Debug|Any CPU.Build.0 = Debug|Any CPU
		{79EB8CFF-25B6-4C88-9337-3468EE9099CD}.Release|Any CPU.ActiveCfg = Release|Any CPU
		{79EB8CFF-25B6-4C88-9337-3468EE9099CD}.Release|Any CPU.Build.0 = Release|Any CPU
	EndGlobalSection
	GlobalSection(SolutionProperties) = preSolution
		HideSolutionNode = FALSE
	EndGlobalSection
	GlobalSection(ExtensibilityGlobals) = postSolution
		SolutionGuid = {C45ECD02-CB27-481E-BE36-F239E2A9D9E7}
	EndGlobalSection
EndGlobal
